
Microsoft Visual Studio Solution File, Format Version 12.00
# Visual Studio 15
VisualStudioVersion = 15.0.26430.6
MinimumVisualStudioVersion = 10.0.40219.1
Project("{FAE04EC0-301F-11D3-BF4B-00C04F79EFBC}") = "SearchAlgorithmsLib", "SearchAlgorithmsLib\SearchAlgorithmsLib.csproj", "{C2E2CAF6-1535-4F63-AE76-352929D9C118}"
EndProject
Project("{FAE04EC0-301F-11D3-BF4B-00C04F79EFBC}") = "TestMaze", "TestMaze\TestMaze.csproj", "{4D909ABD-E263-43D0-BB62-F33193B69E7E}"
EndProject
Project("{FAE04EC0-301F-11D3-BF4B-00C04F79EFBC}") = "Client_Server", "client-server\Client_Server.csproj", "{D1AD0FF3-CB91-4AF4-91DC-33F30281CEC1}"
EndProject
Project("{FAE04EC0-301F-11D3-BF4B-00C04F79EFBC}") = "Test_Client_Server", "Test_Client_Server\Test_Client_Server.csproj", "{066AC7E6-FCA0-429C-9C71-7082E77880FA}"
EndProject
Project("{FAE04EC0-301F-11D3-BF4B-00C04F79EFBC}") = "MazeGui", "Settings\MazeGui.csproj", "{B774FB2C-9204-4696-8A02-660496E1D5D5}"
EndProject
Project("{2150E333-8FDC-42A3-9474-1A3956D46DE8}") = "Solution Items", "Solution Items", "{42D551B0-0F27-4BA4-964A-38417DA246F2}"
EndProject
Global
	GlobalSection(SolutionConfigurationPlatforms) = preSolution
		Debug|Any CPU = Debug|Any CPU
		Release|Any CPU = Release|Any CPU
	EndGlobalSection
	GlobalSection(ProjectConfigurationPlatforms) = postSolution
		{C2E2CAF6-1535-4F63-AE76-352929D9C118}.Debug|Any CPU.ActiveCfg = Debug|Any CPU
		{C2E2CAF6-1535-4F63-AE76-352929D9C118}.Debug|Any CPU.Build.0 = Debug|Any CPU
		{C2E2CAF6-1535-4F63-AE76-352929D9C118}.Release|Any CPU.ActiveCfg = Release|Any CPU
		{C2E2CAF6-1535-4F63-AE76-352929D9C118}.Release|Any CPU.Build.0 = Release|Any CPU
		{4D909ABD-E263-43D0-BB62-F33193B69E7E}.Debug|Any CPU.ActiveCfg = Debug|Any CPU
		{4D909ABD-E263-43D0-BB62-F33193B69E7E}.Debug|Any CPU.Build.0 = Debug|Any CPU
		{4D909ABD-E263-43D0-BB62-F33193B69E7E}.Release|Any CPU.ActiveCfg = Release|Any CPU
		{4D909ABD-E263-43D0-BB62-F33193B69E7E}.Release|Any CPU.Build.0 = Release|Any CPU
		{D1AD0FF3-CB91-4AF4-91DC-33F30281CEC1}.Debug|Any CPU.ActiveCfg = Debug|Any CPU
		{D1AD0FF3-CB91-4AF4-91DC-33F30281CEC1}.Debug|Any CPU.Build.0 = Debug|Any CPU
		{D1AD0FF3-CB91-4AF4-91DC-33F30281CEC1}.Release|Any CPU.ActiveCfg = Release|Any CPU
		{D1AD0FF3-CB91-4AF4-91DC-33F30281CEC1}.Release|Any CPU.Build.0 = Release|Any CPU
		{066AC7E6-FCA0-429C-9C71-7082E77880FA}.Debug|Any CPU.ActiveCfg = Debug|Any CPU
		{066AC7E6-FCA0-429C-9C71-7082E77880FA}.Debug|Any CPU.Build.0 = Debug|Any CPU
		{066AC7E6-FCA0-429C-9C71-7082E77880FA}.Release|Any CPU.ActiveCfg = Release|Any CPU
		{066AC7E6-FCA0-429C-9C71-7082E77880FA}.Release|Any CPU.Build.0 = Release|Any CPU
		{B774FB2C-9204-4696-8A02-660496E1D5D5}.Debug|Any CPU.ActiveCfg = Debug|Any CPU
		{B774FB2C-9204-4696-8A02-660496E1D5D5}.Debug|Any CPU.Build.0 = Debug|Any CPU
		{B774FB2C-9204-4696-8A02-660496E1D5D5}.Release|Any CPU.ActiveCfg = Release|Any CPU
		{B774FB2C-9204-4696-8A02-660496E1D5D5}.Release|Any CPU.Build.0 = Release|Any CPU
	EndGlobalSection
	GlobalSection(SolutionProperties) = preSolution
		HideSolutionNode = FALSE
	EndGlobalSection
EndGlobal
