
Microsoft Visual Studio Solution File, Format Version 12.00
# Visual Studio 15
VisualStudioVersion = 15.0.27130.2010
MinimumVisualStudioVersion = 10.0.40219.1
Project("{8BC9CEB8-8B4A-11D0-8D11-00A0C91BC942}") = "Server", "Server\Server.vcxproj", "{9283187F-B540-4099-BEA5-D60F1FD077CD}"
EndProject
Project("{FAE04EC0-301F-11D3-BF4B-00C04F79EFBC}") = "Tester", "WpfApp1\Tester.csproj", "{0473783B-289B-42F3-93A1-CA98F252E123}"
EndProject
Project("{8BC9CEB8-8B4A-11D0-8D11-00A0C91BC942}") = "Network", "Network\Network.vcxproj", "{12DF8F50-F2B0-451A-A718-7145070B22E9}"
	ProjectSection(ProjectDependencies) = postProject
		{9D446031-BA9F-4DD5-8360-2ED3B173744A} = {9D446031-BA9F-4DD5-8360-2ED3B173744A}
		{66B1B34F-ADED-450A-AD52-5AEC314376A0} = {66B1B34F-ADED-450A-AD52-5AEC314376A0}
		{5103B16B-DE2A-49B0-8D16-D8A69F8A2E1A} = {5103B16B-DE2A-49B0-8D16-D8A69F8A2E1A}
		{2C03ACE3-48E0-4BCC-80DC-A0EAD3062DBC} = {2C03ACE3-48E0-4BCC-80DC-A0EAD3062DBC}
	EndProjectSection
EndProject
Project("{8BC9CEB8-8B4A-11D0-8D11-00A0C91BC942}") = "JSONCpp", "JSONCpp\JSONCpp.vcxproj", "{94CC4AA6-38EF-43A6-A5A3-1836E57E90FF}"
EndProject
Project("{8BC9CEB8-8B4A-11D0-8D11-00A0C91BC942}") = "Media", "Media\Media.vcxproj", "{B1FF85FE-315D-42F6-BCF3-F124509EC451}"
	ProjectSection(ProjectDependencies) = postProject
		{9D446031-BA9F-4DD5-8360-2ED3B173744A} = {9D446031-BA9F-4DD5-8360-2ED3B173744A}
		{66B1B34F-ADED-450A-AD52-5AEC314376A0} = {66B1B34F-ADED-450A-AD52-5AEC314376A0}
		{5103B16B-DE2A-49B0-8D16-D8A69F8A2E1A} = {5103B16B-DE2A-49B0-8D16-D8A69F8A2E1A}
		{2C03ACE3-48E0-4BCC-80DC-A0EAD3062DBC} = {2C03ACE3-48E0-4BCC-80DC-A0EAD3062DBC}
	EndProjectSection
EndProject
Project("{8BC9CEB8-8B4A-11D0-8D11-00A0C91BC942}") = "BasicUsageEnvironment", "BasicUsageEnvironment\BasicUsageEnvironment.vcxproj", "{5103B16B-DE2A-49B0-8D16-D8A69F8A2E1A}"
EndProject
Project("{8BC9CEB8-8B4A-11D0-8D11-00A0C91BC942}") = "groupsock", "groupsock\groupsock.vcxproj", "{66B1B34F-ADED-450A-AD52-5AEC314376A0}"
EndProject
Project("{8BC9CEB8-8B4A-11D0-8D11-00A0C91BC942}") = "liveMedia", "liveMedia\liveMedia.vcxproj", "{2C03ACE3-48E0-4BCC-80DC-A0EAD3062DBC}"
EndProject
Project("{8BC9CEB8-8B4A-11D0-8D11-00A0C91BC942}") = "UsageEnvironment", "UsageEnvironment\UsageEnvironment.vcxproj", "{9D446031-BA9F-4DD5-8360-2ED3B173744A}"
EndProject
Project("{FAE04EC0-301F-11D3-BF4B-00C04F79EFBC}") = "Receiver", "Receiver\Receiver.csproj", "{F4C6784E-4F35-4372-B864-0DD5FD66C358}"
EndProject
Global
	GlobalSection(SolutionConfigurationPlatforms) = preSolution
		Debug|Any CPU = Debug|Any CPU
		Debug|x64 = Debug|x64
		Debug|x86 = Debug|x86
		Release|Any CPU = Release|Any CPU
		Release|x64 = Release|x64
		Release|x86 = Release|x86
	EndGlobalSection
	GlobalSection(ProjectConfigurationPlatforms) = postSolution
		{9283187F-B540-4099-BEA5-D60F1FD077CD}.Debug|Any CPU.ActiveCfg = Debug|Win32
		{9283187F-B540-4099-BEA5-D60F1FD077CD}.Debug|Any CPU.Build.0 = Debug|Win32
		{9283187F-B540-4099-BEA5-D60F1FD077CD}.Debug|x64.ActiveCfg = Debug|x64
		{9283187F-B540-4099-BEA5-D60F1FD077CD}.Debug|x64.Build.0 = Debug|x64
		{9283187F-B540-4099-BEA5-D60F1FD077CD}.Debug|x86.ActiveCfg = Debug|Win32
		{9283187F-B540-4099-BEA5-D60F1FD077CD}.Debug|x86.Build.0 = Debug|Win32
		{9283187F-B540-4099-BEA5-D60F1FD077CD}.Release|Any CPU.ActiveCfg = Release|Win32
		{9283187F-B540-4099-BEA5-D60F1FD077CD}.Release|Any CPU.Build.0 = Release|Win32
		{9283187F-B540-4099-BEA5-D60F1FD077CD}.Release|x64.ActiveCfg = Release|x64
		{9283187F-B540-4099-BEA5-D60F1FD077CD}.Release|x64.Build.0 = Release|x64
		{9283187F-B540-4099-BEA5-D60F1FD077CD}.Release|x86.ActiveCfg = Release|Win32
		{9283187F-B540-4099-BEA5-D60F1FD077CD}.Release|x86.Build.0 = Release|Win32
		{0473783B-289B-42F3-93A1-CA98F252E123}.Debug|Any CPU.ActiveCfg = Debug|Any CPU
		{0473783B-289B-42F3-93A1-CA98F252E123}.Debug|Any CPU.Build.0 = Debug|Any CPU
		{0473783B-289B-42F3-93A1-CA98F252E123}.Debug|x64.ActiveCfg = Debug|Any CPU
		{0473783B-289B-42F3-93A1-CA98F252E123}.Debug|x64.Build.0 = Debug|Any CPU
		{0473783B-289B-42F3-93A1-CA98F252E123}.Debug|x86.ActiveCfg = Debug|Any CPU
		{0473783B-289B-42F3-93A1-CA98F252E123}.Debug|x86.Build.0 = Debug|Any CPU
		{0473783B-289B-42F3-93A1-CA98F252E123}.Release|Any CPU.ActiveCfg = Release|Any CPU
		{0473783B-289B-42F3-93A1-CA98F252E123}.Release|Any CPU.Build.0 = Release|Any CPU
		{0473783B-289B-42F3-93A1-CA98F252E123}.Release|x64.ActiveCfg = Release|Any CPU
		{0473783B-289B-42F3-93A1-CA98F252E123}.Release|x64.Build.0 = Release|Any CPU
		{0473783B-289B-42F3-93A1-CA98F252E123}.Release|x86.ActiveCfg = Release|Any CPU
		{0473783B-289B-42F3-93A1-CA98F252E123}.Release|x86.Build.0 = Release|Any CPU
		{12DF8F50-F2B0-451A-A718-7145070B22E9}.Debug|Any CPU.ActiveCfg = Debug|Win32
		{12DF8F50-F2B0-451A-A718-7145070B22E9}.Debug|Any CPU.Build.0 = Debug|Win32
		{12DF8F50-F2B0-451A-A718-7145070B22E9}.Debug|x64.ActiveCfg = Debug|x64
		{12DF8F50-F2B0-451A-A718-7145070B22E9}.Debug|x64.Build.0 = Debug|x64
		{12DF8F50-F2B0-451A-A718-7145070B22E9}.Debug|x86.ActiveCfg = Debug|Win32
		{12DF8F50-F2B0-451A-A718-7145070B22E9}.Debug|x86.Build.0 = Debug|Win32
		{12DF8F50-F2B0-451A-A718-7145070B22E9}.Release|Any CPU.ActiveCfg = Release|Win32
		{12DF8F50-F2B0-451A-A718-7145070B22E9}.Release|Any CPU.Build.0 = Release|Win32
		{12DF8F50-F2B0-451A-A718-7145070B22E9}.Release|x64.ActiveCfg = Release|x64
		{12DF8F50-F2B0-451A-A718-7145070B22E9}.Release|x64.Build.0 = Release|x64
		{12DF8F50-F2B0-451A-A718-7145070B22E9}.Release|x86.ActiveCfg = Release|Win32
		{12DF8F50-F2B0-451A-A718-7145070B22E9}.Release|x86.Build.0 = Release|Win32
		{94CC4AA6-38EF-43A6-A5A3-1836E57E90FF}.Debug|Any CPU.ActiveCfg = Debug|Win32
		{94CC4AA6-38EF-43A6-A5A3-1836E57E90FF}.Debug|Any CPU.Build.0 = Debug|Win32
		{94CC4AA6-38EF-43A6-A5A3-1836E57E90FF}.Debug|x64.ActiveCfg = Debug|x64
		{94CC4AA6-38EF-43A6-A5A3-1836E57E90FF}.Debug|x64.Build.0 = Debug|x64
		{94CC4AA6-38EF-43A6-A5A3-1836E57E90FF}.Debug|x86.ActiveCfg = Debug|Win32
		{94CC4AA6-38EF-43A6-A5A3-1836E57E90FF}.Debug|x86.Build.0 = Debug|Win32
		{94CC4AA6-38EF-43A6-A5A3-1836E57E90FF}.Release|Any CPU.ActiveCfg = Release|Win32
		{94CC4AA6-38EF-43A6-A5A3-1836E57E90FF}.Release|Any CPU.Build.0 = Release|Win32
		{94CC4AA6-38EF-43A6-A5A3-1836E57E90FF}.Release|x64.ActiveCfg = Release|x64
		{94CC4AA6-38EF-43A6-A5A3-1836E57E90FF}.Release|x64.Build.0 = Release|x64
		{94CC4AA6-38EF-43A6-A5A3-1836E57E90FF}.Release|x86.ActiveCfg = Release|Win32
		{94CC4AA6-38EF-43A6-A5A3-1836E57E90FF}.Release|x86.Build.0 = Release|Win32
		{B1FF85FE-315D-42F6-BCF3-F124509EC451}.Debug|Any CPU.ActiveCfg = Debug|Win32
		{B1FF85FE-315D-42F6-BCF3-F124509EC451}.Debug|Any CPU.Build.0 = Debug|Win32
		{B1FF85FE-315D-42F6-BCF3-F124509EC451}.Debug|x64.ActiveCfg = Debug|x64
		{B1FF85FE-315D-42F6-BCF3-F124509EC451}.Debug|x64.Build.0 = Debug|x64
		{B1FF85FE-315D-42F6-BCF3-F124509EC451}.Debug|x86.ActiveCfg = Debug|Win32
		{B1FF85FE-315D-42F6-BCF3-F124509EC451}.Debug|x86.Build.0 = Debug|Win32
		{B1FF85FE-315D-42F6-BCF3-F124509EC451}.Release|Any CPU.ActiveCfg = Release|Win32
		{B1FF85FE-315D-42F6-BCF3-F124509EC451}.Release|Any CPU.Build.0 = Release|Win32
		{B1FF85FE-315D-42F6-BCF3-F124509EC451}.Release|x64.ActiveCfg = Release|x64
		{B1FF85FE-315D-42F6-BCF3-F124509EC451}.Release|x64.Build.0 = Release|x64
		{B1FF85FE-315D-42F6-BCF3-F124509EC451}.Release|x86.ActiveCfg = Release|Win32
		{B1FF85FE-315D-42F6-BCF3-F124509EC451}.Release|x86.Build.0 = Release|Win32
		{5103B16B-DE2A-49B0-8D16-D8A69F8A2E1A}.Debug|Any CPU.ActiveCfg = Debug|Win32
		{5103B16B-DE2A-49B0-8D16-D8A69F8A2E1A}.Debug|Any CPU.Build.0 = Debug|Win32
		{5103B16B-DE2A-49B0-8D16-D8A69F8A2E1A}.Debug|x64.ActiveCfg = Debug|x64
		{5103B16B-DE2A-49B0-8D16-D8A69F8A2E1A}.Debug|x64.Build.0 = Debug|x64
		{5103B16B-DE2A-49B0-8D16-D8A69F8A2E1A}.Debug|x86.ActiveCfg = Debug|Win32
		{5103B16B-DE2A-49B0-8D16-D8A69F8A2E1A}.Debug|x86.Build.0 = Debug|Win32
		{5103B16B-DE2A-49B0-8D16-D8A69F8A2E1A}.Release|Any CPU.ActiveCfg = Release|Win32
		{5103B16B-DE2A-49B0-8D16-D8A69F8A2E1A}.Release|Any CPU.Build.0 = Release|Win32
		{5103B16B-DE2A-49B0-8D16-D8A69F8A2E1A}.Release|x64.ActiveCfg = Release|x64
		{5103B16B-DE2A-49B0-8D16-D8A69F8A2E1A}.Release|x64.Build.0 = Release|x64
		{5103B16B-DE2A-49B0-8D16-D8A69F8A2E1A}.Release|x86.ActiveCfg = Release|Win32
		{5103B16B-DE2A-49B0-8D16-D8A69F8A2E1A}.Release|x86.Build.0 = Release|Win32
		{66B1B34F-ADED-450A-AD52-5AEC314376A0}.Debug|Any CPU.ActiveCfg = Debug|Win32
		{66B1B34F-ADED-450A-AD52-5AEC314376A0}.Debug|Any CPU.Build.0 = Debug|Win32
		{66B1B34F-ADED-450A-AD52-5AEC314376A0}.Debug|x64.ActiveCfg = Debug|x64
		{66B1B34F-ADED-450A-AD52-5AEC314376A0}.Debug|x64.Build.0 = Debug|x64
		{66B1B34F-ADED-450A-AD52-5AEC314376A0}.Debug|x86.ActiveCfg = Debug|Win32
		{66B1B34F-ADED-450A-AD52-5AEC314376A0}.Debug|x86.Build.0 = Debug|Win32
		{66B1B34F-ADED-450A-AD52-5AEC314376A0}.Release|Any CPU.ActiveCfg = Release|Win32
		{66B1B34F-ADED-450A-AD52-5AEC314376A0}.Release|Any CPU.Build.0 = Release|Win32
		{66B1B34F-ADED-450A-AD52-5AEC314376A0}.Release|x64.ActiveCfg = Release|x64
		{66B1B34F-ADED-450A-AD52-5AEC314376A0}.Release|x64.Build.0 = Release|x64
		{66B1B34F-ADED-450A-AD52-5AEC314376A0}.Release|x86.ActiveCfg = Release|Win32
		{66B1B34F-ADED-450A-AD52-5AEC314376A0}.Release|x86.Build.0 = Release|Win32
		{2C03ACE3-48E0-4BCC-80DC-A0EAD3062DBC}.Debug|Any CPU.ActiveCfg = Debug|Win32
		{2C03ACE3-48E0-4BCC-80DC-A0EAD3062DBC}.Debug|Any CPU.Build.0 = Debug|Win32
		{2C03ACE3-48E0-4BCC-80DC-A0EAD3062DBC}.Debug|x64.ActiveCfg = Debug|x64
		{2C03ACE3-48E0-4BCC-80DC-A0EAD3062DBC}.Debug|x64.Build.0 = Debug|x64
		{2C03ACE3-48E0-4BCC-80DC-A0EAD3062DBC}.Debug|x86.ActiveCfg = Debug|Win32
		{2C03ACE3-48E0-4BCC-80DC-A0EAD3062DBC}.Debug|x86.Build.0 = Debug|Win32
		{2C03ACE3-48E0-4BCC-80DC-A0EAD3062DBC}.Release|Any CPU.ActiveCfg = Release|Win32
		{2C03ACE3-48E0-4BCC-80DC-A0EAD3062DBC}.Release|Any CPU.Build.0 = Release|Win32
		{2C03ACE3-48E0-4BCC-80DC-A0EAD3062DBC}.Release|x64.ActiveCfg = Release|x64
		{2C03ACE3-48E0-4BCC-80DC-A0EAD3062DBC}.Release|x64.Build.0 = Release|x64
		{2C03ACE3-48E0-4BCC-80DC-A0EAD3062DBC}.Release|x86.ActiveCfg = Release|Win32
		{2C03ACE3-48E0-4BCC-80DC-A0EAD3062DBC}.Release|x86.Build.0 = Release|Win32
		{9D446031-BA9F-4DD5-8360-2ED3B173744A}.Debug|Any CPU.ActiveCfg = Debug|Win32
		{9D446031-BA9F-4DD5-8360-2ED3B173744A}.Debug|Any CPU.Build.0 = Debug|Win32
		{9D446031-BA9F-4DD5-8360-2ED3B173744A}.Debug|x64.ActiveCfg = Debug|x64
		{9D446031-BA9F-4DD5-8360-2ED3B173744A}.Debug|x64.Build.0 = Debug|x64
		{9D446031-BA9F-4DD5-8360-2ED3B173744A}.Debug|x86.ActiveCfg = Debug|Win32
		{9D446031-BA9F-4DD5-8360-2ED3B173744A}.Debug|x86.Build.0 = Debug|Win32
		{9D446031-BA9F-4DD5-8360-2ED3B173744A}.Release|Any CPU.ActiveCfg = Release|Win32
		{9D446031-BA9F-4DD5-8360-2ED3B173744A}.Release|Any CPU.Build.0 = Release|Win32
		{9D446031-BA9F-4DD5-8360-2ED3B173744A}.Release|x64.ActiveCfg = Release|x64
		{9D446031-BA9F-4DD5-8360-2ED3B173744A}.Release|x64.Build.0 = Release|x64
		{9D446031-BA9F-4DD5-8360-2ED3B173744A}.Release|x86.ActiveCfg = Release|Win32
		{9D446031-BA9F-4DD5-8360-2ED3B173744A}.Release|x86.Build.0 = Release|Win32
		{F4C6784E-4F35-4372-B864-0DD5FD66C358}.Debug|Any CPU.ActiveCfg = Debug|Any CPU
		{F4C6784E-4F35-4372-B864-0DD5FD66C358}.Debug|Any CPU.Build.0 = Debug|Any CPU
		{F4C6784E-4F35-4372-B864-0DD5FD66C358}.Debug|x64.ActiveCfg = Debug|Any CPU
		{F4C6784E-4F35-4372-B864-0DD5FD66C358}.Debug|x64.Build.0 = Debug|Any CPU
		{F4C6784E-4F35-4372-B864-0DD5FD66C358}.Debug|x86.ActiveCfg = Debug|Any CPU
		{F4C6784E-4F35-4372-B864-0DD5FD66C358}.Debug|x86.Build.0 = Debug|Any CPU
		{F4C6784E-4F35-4372-B864-0DD5FD66C358}.Release|Any CPU.ActiveCfg = Release|Any CPU
		{F4C6784E-4F35-4372-B864-0DD5FD66C358}.Release|Any CPU.Build.0 = Release|Any CPU
		{F4C6784E-4F35-4372-B864-0DD5FD66C358}.Release|x64.ActiveCfg = Release|Any CPU
		{F4C6784E-4F35-4372-B864-0DD5FD66C358}.Release|x64.Build.0 = Release|Any CPU
		{F4C6784E-4F35-4372-B864-0DD5FD66C358}.Release|x86.ActiveCfg = Release|Any CPU
		{F4C6784E-4F35-4372-B864-0DD5FD66C358}.Release|x86.Build.0 = Release|Any CPU
	EndGlobalSection
	GlobalSection(SolutionProperties) = preSolution
		HideSolutionNode = FALSE
	EndGlobalSection
	GlobalSection(ExtensibilityGlobals) = postSolution
		SolutionGuid = {11744739-C7E6-4DAB-B38D-0EF5B8A30D56}
	EndGlobalSection
EndGlobal
